
Microsoft Visual Studio Solution File, Format Version 12.00
# Visual Studio Version 17
VisualStudioVersion = 17.0.32014.148
MinimumVisualStudioVersion = 10.0.40219.1
Project("{2150E333-8FDC-42A3-9474-1A3956D46DE8}") = "Host", "Host", "{9E9FBC45-E9F3-4F7B-A7D0-38A5AE4F1BD6}"
EndProject
Project("{9A19103F-16F7-4668-BE54-9A1E7A4F7556}") = "API", "API\API.csproj", "{6CB3E20A-7BDC-420C-A8B8-EAB6EFAB6BDD}"
EndProject
Project("{2150E333-8FDC-42A3-9474-1A3956D46DE8}") = "Modules", "Modules", "{3BFE68E1-498D-4BA9-A933-D59A5E5B034D}"
EndProject
Project("{2150E333-8FDC-42A3-9474-1A3956D46DE8}") = "UI", "UI", "{8A3B4609-38F0-4440-8948-EE53655CBEAE}"
EndProject
Project("{9A19103F-16F7-4668-BE54-9A1E7A4F7556}") = "PooPlannerUI", "PooPlannerUI\PooPlannerUI.csproj", "{C8A5AE0A-637D-4AA5-A4D0-7D92BAD23676}"
EndProject
Project("{2150E333-8FDC-42A3-9474-1A3956D46DE8}") = "Food", "Food", "{A401D7A1-5525-47F8-95BC-C40BB58C5E14}"
EndProject
Project("{2150E333-8FDC-42A3-9474-1A3956D46DE8}") = "Medicine", "Medicine", "{B1518B3D-A148-4FBD-AF27-4625B5B74945}"
EndProject
Project("{2150E333-8FDC-42A3-9474-1A3956D46DE8}") = "Stool", "Stool", "{533C5EC9-1F2D-475A-B3B9-388C7883E94C}"
EndProject
Project("{9A19103F-16F7-4668-BE54-9A1E7A4F7556}") = "Modules.Food", "Modules.Food\Modules.Food.csproj", "{B77E608D-77E8-4983-8879-F2623DBB5D89}"
EndProject
Project("{9A19103F-16F7-4668-BE54-9A1E7A4F7556}") = "Modules.Food.Core", "Modules.Food.Core\Modules.Food.Core.csproj", "{7F388C46-4C83-4AEB-B606-6580BC2E170E}"
EndProject
Project("{9A19103F-16F7-4668-BE54-9A1E7A4F7556}") = "Modules.Food.Infrastructure", "Modules.Food.Infrastructure\Modules.Food.Infrastructure.csproj", "{749124DE-CB49-46F2-9D63-10E16B859496}"
EndProject
Project("{2150E333-8FDC-42A3-9474-1A3956D46DE8}") = "Shared", "Shared", "{08AF97E5-29D9-48DC-98BA-EE6E683FE259}"
EndProject
Project("{FAE04EC0-301F-11D3-BF4B-00C04F79EFBC}") = "Shared.Core", "Shared.Core\Shared.Core.csproj", "{644AD83F-C09C-49C9-8646-38C3312C712D}"
EndProject
Global
	GlobalSection(SolutionConfigurationPlatforms) = preSolution
		Debug|Any CPU = Debug|Any CPU
		Release|Any CPU = Release|Any CPU
	EndGlobalSection
	GlobalSection(ProjectConfigurationPlatforms) = postSolution
		{6CB3E20A-7BDC-420C-A8B8-EAB6EFAB6BDD}.Debug|Any CPU.ActiveCfg = Debug|Any CPU
		{6CB3E20A-7BDC-420C-A8B8-EAB6EFAB6BDD}.Debug|Any CPU.Build.0 = Debug|Any CPU
		{6CB3E20A-7BDC-420C-A8B8-EAB6EFAB6BDD}.Release|Any CPU.ActiveCfg = Release|Any CPU
		{6CB3E20A-7BDC-420C-A8B8-EAB6EFAB6BDD}.Release|Any CPU.Build.0 = Release|Any CPU
		{C8A5AE0A-637D-4AA5-A4D0-7D92BAD23676}.Debug|Any CPU.ActiveCfg = Debug|Any CPU
		{C8A5AE0A-637D-4AA5-A4D0-7D92BAD23676}.Debug|Any CPU.Build.0 = Debug|Any CPU
		{C8A5AE0A-637D-4AA5-A4D0-7D92BAD23676}.Release|Any CPU.ActiveCfg = Release|Any CPU
		{C8A5AE0A-637D-4AA5-A4D0-7D92BAD23676}.Release|Any CPU.Build.0 = Release|Any CPU
		{B77E608D-77E8-4983-8879-F2623DBB5D89}.Debug|Any CPU.ActiveCfg = Debug|Any CPU
		{B77E608D-77E8-4983-8879-F2623DBB5D89}.Debug|Any CPU.Build.0 = Debug|Any CPU
		{B77E608D-77E8-4983-8879-F2623DBB5D89}.Release|Any CPU.ActiveCfg = Release|Any CPU
		{B77E608D-77E8-4983-8879-F2623DBB5D89}.Release|Any CPU.Build.0 = Release|Any CPU
		{7F388C46-4C83-4AEB-B606-6580BC2E170E}.Debug|Any CPU.ActiveCfg = Debug|Any CPU
		{7F388C46-4C83-4AEB-B606-6580BC2E170E}.Debug|Any CPU.Build.0 = Debug|Any CPU
		{7F388C46-4C83-4AEB-B606-6580BC2E170E}.Release|Any CPU.ActiveCfg = Release|Any CPU
		{7F388C46-4C83-4AEB-B606-6580BC2E170E}.Release|Any CPU.Build.0 = Release|Any CPU
		{749124DE-CB49-46F2-9D63-10E16B859496}.Debug|Any CPU.ActiveCfg = Debug|Any CPU
		{749124DE-CB49-46F2-9D63-10E16B859496}.Debug|Any CPU.Build.0 = Debug|Any CPU
		{749124DE-CB49-46F2-9D63-10E16B859496}.Release|Any CPU.ActiveCfg = Release|Any CPU
		{749124DE-CB49-46F2-9D63-10E16B859496}.Release|Any CPU.Build.0 = Release|Any CPU
		{644AD83F-C09C-49C9-8646-38C3312C712D}.Debug|Any CPU.ActiveCfg = Debug|Any CPU
		{644AD83F-C09C-49C9-8646-38C3312C712D}.Debug|Any CPU.Build.0 = Debug|Any CPU
		{644AD83F-C09C-49C9-8646-38C3312C712D}.Release|Any CPU.ActiveCfg = Release|Any CPU
		{644AD83F-C09C-49C9-8646-38C3312C712D}.Release|Any CPU.Build.0 = Release|Any CPU
	EndGlobalSection
	GlobalSection(SolutionProperties) = preSolution
		HideSolutionNode = FALSE
	EndGlobalSection
	GlobalSection(NestedProjects) = preSolution
		{6CB3E20A-7BDC-420C-A8B8-EAB6EFAB6BDD} = {9E9FBC45-E9F3-4F7B-A7D0-38A5AE4F1BD6}
		{C8A5AE0A-637D-4AA5-A4D0-7D92BAD23676} = {8A3B4609-38F0-4440-8948-EE53655CBEAE}
		{A401D7A1-5525-47F8-95BC-C40BB58C5E14} = {3BFE68E1-498D-4BA9-A933-D59A5E5B034D}
		{B1518B3D-A148-4FBD-AF27-4625B5B74945} = {3BFE68E1-498D-4BA9-A933-D59A5E5B034D}
		{533C5EC9-1F2D-475A-B3B9-388C7883E94C} = {3BFE68E1-498D-4BA9-A933-D59A5E5B034D}
		{B77E608D-77E8-4983-8879-F2623DBB5D89} = {A401D7A1-5525-47F8-95BC-C40BB58C5E14}
		{7F388C46-4C83-4AEB-B606-6580BC2E170E} = {A401D7A1-5525-47F8-95BC-C40BB58C5E14}
		{749124DE-CB49-46F2-9D63-10E16B859496} = {A401D7A1-5525-47F8-95BC-C40BB58C5E14}
		{644AD83F-C09C-49C9-8646-38C3312C712D} = {08AF97E5-29D9-48DC-98BA-EE6E683FE259}
	EndGlobalSection
	GlobalSection(ExtensibilityGlobals) = postSolution
		SolutionGuid = {AB898491-384E-4B1D-9670-5E61D8812F8B}
	EndGlobalSection
EndGlobal
