
Microsoft Visual Studio Solution File, Format Version 12.00
# Visual Studio Version 17
VisualStudioVersion = 17.0.32014.148
MinimumVisualStudioVersion = 10.0.40219.1
Project("{2150E333-8FDC-42A3-9474-1A3956D46DE8}") = "UI", "UI", "{8A3B4609-38F0-4440-8948-EE53655CBEAE}"
EndProject
Project("{9A19103F-16F7-4668-BE54-9A1E7A4F7556}") = "PooPlannerUI", "PooPlannerUI\PooPlannerUI.csproj", "{C8A5AE0A-637D-4AA5-A4D0-7D92BAD23676}"
EndProject
Project("{9A19103F-16F7-4668-BE54-9A1E7A4F7556}") = "PooPlanner.Domain", "PooPlanner.Domain\PooPlanner.Domain.csproj", "{A4330938-198C-4632-8A18-77635139470C}"
EndProject
Project("{9A19103F-16F7-4668-BE54-9A1E7A4F7556}") = "PooPlanner.Shared", "PooPlanner.Shared\PooPlanner.Shared.csproj", "{CFBF22BD-28D8-48D2-977C-B247BA1997E7}"
EndProject
Project("{9A19103F-16F7-4668-BE54-9A1E7A4F7556}") = "PooPlanner.Service", "PooPlanner.Service\PooPlanner.Service.csproj", "{6CA6A13A-19DF-4668-ADFD-3CA609A1452F}"
EndProject
Project("{FAE04EC0-301F-11D3-BF4B-00C04F79EFBC}") = "PooPlanner.API", "PooPlanner.API2\PooPlanner.API.csproj", "{56D1E70A-A465-4ADD-9C70-5D99F8ACFCAB}"
EndProject
Global
	GlobalSection(SolutionConfigurationPlatforms) = preSolution
		Debug|Any CPU = Debug|Any CPU
		Release|Any CPU = Release|Any CPU
	EndGlobalSection
	GlobalSection(ProjectConfigurationPlatforms) = postSolution
		{C8A5AE0A-637D-4AA5-A4D0-7D92BAD23676}.Debug|Any CPU.ActiveCfg = Debug|Any CPU
		{C8A5AE0A-637D-4AA5-A4D0-7D92BAD23676}.Debug|Any CPU.Build.0 = Debug|Any CPU
		{C8A5AE0A-637D-4AA5-A4D0-7D92BAD23676}.Release|Any CPU.ActiveCfg = Release|Any CPU
		{C8A5AE0A-637D-4AA5-A4D0-7D92BAD23676}.Release|Any CPU.Build.0 = Release|Any CPU
		{A4330938-198C-4632-8A18-77635139470C}.Debug|Any CPU.ActiveCfg = Debug|Any CPU
		{A4330938-198C-4632-8A18-77635139470C}.Debug|Any CPU.Build.0 = Debug|Any CPU
		{A4330938-198C-4632-8A18-77635139470C}.Release|Any CPU.ActiveCfg = Release|Any CPU
		{A4330938-198C-4632-8A18-77635139470C}.Release|Any CPU.Build.0 = Release|Any CPU
		{CFBF22BD-28D8-48D2-977C-B247BA1997E7}.Debug|Any CPU.ActiveCfg = Debug|Any CPU
		{CFBF22BD-28D8-48D2-977C-B247BA1997E7}.Debug|Any CPU.Build.0 = Debug|Any CPU
		{CFBF22BD-28D8-48D2-977C-B247BA1997E7}.Release|Any CPU.ActiveCfg = Release|Any CPU
		{CFBF22BD-28D8-48D2-977C-B247BA1997E7}.Release|Any CPU.Build.0 = Release|Any CPU
		{6CA6A13A-19DF-4668-ADFD-3CA609A1452F}.Debug|Any CPU.ActiveCfg = Debug|Any CPU
		{6CA6A13A-19DF-4668-ADFD-3CA609A1452F}.Debug|Any CPU.Build.0 = Debug|Any CPU
		{6CA6A13A-19DF-4668-ADFD-3CA609A1452F}.Release|Any CPU.ActiveCfg = Release|Any CPU
		{6CA6A13A-19DF-4668-ADFD-3CA609A1452F}.Release|Any CPU.Build.0 = Release|Any CPU
		{56D1E70A-A465-4ADD-9C70-5D99F8ACFCAB}.Debug|Any CPU.ActiveCfg = Debug|Any CPU
		{56D1E70A-A465-4ADD-9C70-5D99F8ACFCAB}.Debug|Any CPU.Build.0 = Debug|Any CPU
		{56D1E70A-A465-4ADD-9C70-5D99F8ACFCAB}.Release|Any CPU.ActiveCfg = Release|Any CPU
		{56D1E70A-A465-4ADD-9C70-5D99F8ACFCAB}.Release|Any CPU.Build.0 = Release|Any CPU
	EndGlobalSection
	GlobalSection(SolutionProperties) = preSolution
		HideSolutionNode = FALSE
	EndGlobalSection
	GlobalSection(NestedProjects) = preSolution
		{C8A5AE0A-637D-4AA5-A4D0-7D92BAD23676} = {8A3B4609-38F0-4440-8948-EE53655CBEAE}
	EndGlobalSection
	GlobalSection(ExtensibilityGlobals) = postSolution
		SolutionGuid = {AB898491-384E-4B1D-9670-5E61D8812F8B}
	EndGlobalSection
EndGlobal
